{
  "version": 4,
  "terraform_version": "0.14.7",
  "serial": 92,
  "lineage": "a7042068-3b3c-99fe-261a-880fb7d2cd8d",
  "outputs": {
    "efault_security_group_id": {
      "value": "sg-096f8e26aae7e6565",
      "type": "string"
    },
    "nat_eips": {
      "value": [],
      "type": [
        "tuple",
        []
      ]
    },
    "nat_eips_public_ips": {
      "value": [],
      "type": [
        "tuple",
        []
      ]
    },
    "vpc_private_cubnets": {
      "value": [
        "subnet-000d50cc17b507761",
        "subnet-0d2c43cb04350a80a",
        "subnet-02f7372a88f64b527"
      ],
      "type": [
        "tuple",
        [
          "string",
          "string",
          "string"
        ]
      ]
    },
    "vpc_public_subnets": {
      "value": [
        "subnet-0d7fc3d67d966e45b",
        "subnet-09ae06e7f167e08f1",
        "subnet-030b239bcbca5c110"
      ],
      "type": [
        "tuple",
        [
          "string",
          "string",
          "string"
        ]
      ]
    }
  },
  "resources": [
    {
      "mode": "data",
      "type": "aws_availability_zones",
      "name": "available",
      "provider": "provider[\"registry.terraform.io/hashicorp/aws\"]",
      "instances": [
        {
          "schema_version": 0,
          "attributes": {
            "all_availability_zones": null,
            "blacklisted_names": null,
            "blacklisted_zone_ids": null,
            "filter": null,
            "group_names": [
              "ap-southeast-1"
            ],
            "id": "2021-03-16 11:52:23.2139231 +0000 UTC",
            "names": [
              "ap-southeast-1a",
              "ap-southeast-1b",
              "ap-southeast-1c"
            ],
            "state": null,
            "zone_ids": [
              "apse1-az1",
              "apse1-az2",
              "apse1-az3"
            ]
          },
          "sensitive_attributes": []
        }
      ]
    },
    {
      "mode": "data",
      "type": "aws_caller_identity",
      "name": "aws-identity",
      "provider": "provider[\"registry.terraform.io/hashicorp/aws\"]",
      "instances": [
        {
          "schema_version": 0,
          "attributes": {
            "account_id": "546759955220",
            "arn": "arn:aws:iam::546759955220:user/terraform",
            "id": "2021-03-16 11:52:23.8644405 +0000 UTC",
            "user_id": "AIDAX6TLO2MKOUFTOVKJO"
          },
          "sensitive_attributes": []
        }
      ]
    },
    {
      "module": "module.vpc",
      "mode": "managed",
      "type": "aws_internet_gateway",
      "name": "internet_gateway",
      "provider": "provider[\"registry.terraform.io/hashicorp/aws\"]",
      "instances": [
        {
          "schema_version": 0,
          "attributes": {
            "id": "igw-0c02812d7824d2237",
            "owner_id": "546759955220",
            "tags": {
              "Environment": "development",
              "Name": "development-vpc-creating-vpc-igw",
              "ProjectName": "vpc-creating",
              "SomeTag": "SomeValue",
              "Terraform": "true"
            },
            "vpc_id": "vpc-0d679a96ecccc1e22"
          },
          "sensitive_attributes": [],
          "private": "bnVsbA==",
          "dependencies": [
            "module.vpc.aws_vpc.vpc_vars"
          ]
        }
      ]
    },
    {
      "module": "module.vpc",
      "mode": "managed",
      "type": "aws_route",
      "name": "public_internet_gateway",
      "provider": "provider[\"registry.terraform.io/hashicorp/aws\"]",
      "instances": [
        {
          "schema_version": 0,
          "attributes": {
            "destination_cidr_block": "0.0.0.0/0",
            "destination_ipv6_cidr_block": null,
            "destination_prefix_list_id": "",
            "egress_only_gateway_id": "",
            "gateway_id": "igw-0c02812d7824d2237",
            "id": "r-rtb-060ddabb61b9ea1651080289494",
            "instance_id": "",
            "instance_owner_id": "",
            "nat_gateway_id": "",
            "network_interface_id": "",
            "origin": "CreateRoute",
            "route_table_id": "rtb-060ddabb61b9ea165",
            "state": "active",
            "timeouts": null,
            "transit_gateway_id": "",
            "vpc_peering_connection_id": ""
          },
          "sensitive_attributes": [],
          "private": "eyJlMmJmYjczMC1lY2FhLTExZTYtOGY4OC0zNDM2M2JjN2M0YzAiOnsiY3JlYXRlIjoxMjAwMDAwMDAwMDAsImRlbGV0ZSI6MzAwMDAwMDAwMDAwfX0=",
          "dependencies": [
            "module.vpc.aws_internet_gateway.internet_gateway",
            "module.vpc.aws_route_table.public",
            "module.vpc.aws_vpc.vpc_vars"
          ]
        }
      ]
    },
    {
      "module": "module.vpc",
      "mode": "managed",
      "type": "aws_route_table",
      "name": "private",
      "provider": "provider[\"registry.terraform.io/hashicorp/aws\"]",
      "instances": [
        {
          "index_key": 0,
          "schema_version": 0,
          "attributes": {
            "id": "rtb-07e3731307fdd9db5",
            "owner_id": "546759955220",
            "propagating_vgws": [],
            "route": [],
            "tags": {
              "Environment": "development",
              "Name": "development-vpc-creating-vpc-rt-private-ap-southeast-1a",
              "ProjectName": "vpc-creating",
              "SomeTag": "SomeValue",
              "Terraform": "true"
            },
            "vpc_id": "vpc-0d679a96ecccc1e22"
          },
          "sensitive_attributes": [],
          "private": "bnVsbA==",
          "dependencies": [
            "data.aws_availability_zones.available",
            "module.vpc.aws_vpc.vpc_vars"
          ]
        },
        {
          "index_key": 1,
          "schema_version": 0,
          "attributes": {
            "id": "rtb-0de7fef6c772b7986",
            "owner_id": "546759955220",
            "propagating_vgws": [],
            "route": [],
            "tags": {
              "Environment": "development",
              "Name": "development-vpc-creating-vpc-rt-private-ap-southeast-1b",
              "ProjectName": "vpc-creating",
              "SomeTag": "SomeValue",
              "Terraform": "true"
            },
            "vpc_id": "vpc-0d679a96ecccc1e22"
          },
          "sensitive_attributes": [],
          "private": "bnVsbA==",
          "dependencies": [
            "data.aws_availability_zones.available",
            "module.vpc.aws_vpc.vpc_vars"
          ]
        },
        {
          "index_key": 2,
          "schema_version": 0,
          "attributes": {
            "id": "rtb-0d5303c1849b84055",
            "owner_id": "546759955220",
            "propagating_vgws": [],
            "route": [],
            "tags": {
              "Environment": "development",
              "Name": "development-vpc-creating-vpc-rt-private-ap-southeast-1c",
              "ProjectName": "vpc-creating",
              "SomeTag": "SomeValue",
              "Terraform": "true"
            },
            "vpc_id": "vpc-0d679a96ecccc1e22"
          },
          "sensitive_attributes": [],
          "private": "bnVsbA==",
          "dependencies": [
            "data.aws_availability_zones.available",
            "module.vpc.aws_vpc.vpc_vars"
          ]
        }
      ]
    },
    {
      "module": "module.vpc",
      "mode": "managed",
      "type": "aws_route_table",
      "name": "public",
      "provider": "provider[\"registry.terraform.io/hashicorp/aws\"]",
      "instances": [
        {
          "schema_version": 0,
          "attributes": {
            "id": "rtb-060ddabb61b9ea165",
            "owner_id": "546759955220",
            "propagating_vgws": [],
            "route": [
              {
                "cidr_block": "0.0.0.0/0",
                "egress_only_gateway_id": "",
                "gateway_id": "igw-0c02812d7824d2237",
                "instance_id": "",
                "ipv6_cidr_block": "",
                "nat_gateway_id": "",
                "network_interface_id": "",
                "transit_gateway_id": "",
                "vpc_peering_connection_id": ""
              }
            ],
            "tags": {
              "Environment": "development",
              "Name": "development-vpc-creating-vpc-rt-public",
              "ProjectName": "vpc-creating",
              "SomeTag": "SomeValue",
              "Terraform": "true"
            },
            "vpc_id": "vpc-0d679a96ecccc1e22"
          },
          "sensitive_attributes": [],
          "private": "bnVsbA==",
          "dependencies": [
            "module.vpc.aws_vpc.vpc_vars"
          ]
        }
      ]
    },
    {
      "module": "module.vpc",
      "mode": "managed",
      "type": "aws_subnet",
      "name": "private",
      "provider": "provider[\"registry.terraform.io/hashicorp/aws\"]",
      "instances": [
        {
          "index_key": 0,
          "schema_version": 1,
          "attributes": {
            "arn": "arn:aws:ec2:ap-southeast-1:546759955220:subnet/subnet-000d50cc17b507761",
            "assign_ipv6_address_on_creation": false,
            "availability_zone": "ap-southeast-1a",
            "availability_zone_id": "apse1-az1",
            "cidr_block": "10.110.1.0/24",
            "id": "subnet-000d50cc17b507761",
            "ipv6_cidr_block": "",
            "ipv6_cidr_block_association_id": "",
            "map_public_ip_on_launch": false,
            "outpost_arn": "",
            "owner_id": "546759955220",
            "tags": {
              "Environment": "development",
              "Name": "development-vpc-creating-vpc-subnet-private-ap-southeast-1a",
              "ProjectName": "vpc-creating",
              "SomeTag": "SomeValue",
              "Terraform": "true"
            },
            "timeouts": null,
            "vpc_id": "vpc-0d679a96ecccc1e22"
          },
          "sensitive_attributes": [],
          "private": "eyJlMmJmYjczMC1lY2FhLTExZTYtOGY4OC0zNDM2M2JjN2M0YzAiOnsiY3JlYXRlIjo2MDAwMDAwMDAwMDAsImRlbGV0ZSI6MTIwMDAwMDAwMDAwMH0sInNjaGVtYV92ZXJzaW9uIjoiMSJ9",
          "dependencies": [
            "data.aws_availability_zones.available",
            "module.vpc.aws_vpc.vpc_vars"
          ]
        },
        {
          "index_key": 1,
          "schema_version": 1,
          "attributes": {
            "arn": "arn:aws:ec2:ap-southeast-1:546759955220:subnet/subnet-0d2c43cb04350a80a",
            "assign_ipv6_address_on_creation": false,
            "availability_zone": "ap-southeast-1b",
            "availability_zone_id": "apse1-az2",
            "cidr_block": "10.110.2.0/24",
            "id": "subnet-0d2c43cb04350a80a",
            "ipv6_cidr_block": "",
            "ipv6_cidr_block_association_id": "",
            "map_public_ip_on_launch": false,
            "outpost_arn": "",
            "owner_id": "546759955220",
            "tags": {
              "Environment": "development",
              "Name": "development-vpc-creating-vpc-subnet-private-ap-southeast-1b",
              "ProjectName": "vpc-creating",
              "SomeTag": "SomeValue",
              "Terraform": "true"
            },
            "timeouts": null,
            "vpc_id": "vpc-0d679a96ecccc1e22"
          },
          "sensitive_attributes": [],
          "private": "eyJlMmJmYjczMC1lY2FhLTExZTYtOGY4OC0zNDM2M2JjN2M0YzAiOnsiY3JlYXRlIjo2MDAwMDAwMDAwMDAsImRlbGV0ZSI6MTIwMDAwMDAwMDAwMH0sInNjaGVtYV92ZXJzaW9uIjoiMSJ9",
          "dependencies": [
            "data.aws_availability_zones.available",
            "module.vpc.aws_vpc.vpc_vars"
          ]
        },
        {
          "index_key": 2,
          "schema_version": 1,
          "attributes": {
            "arn": "arn:aws:ec2:ap-southeast-1:546759955220:subnet/subnet-02f7372a88f64b527",
            "assign_ipv6_address_on_creation": false,
            "availability_zone": "ap-southeast-1c",
            "availability_zone_id": "apse1-az3",
            "cidr_block": "10.110.3.0/24",
            "id": "subnet-02f7372a88f64b527",
            "ipv6_cidr_block": "",
            "ipv6_cidr_block_association_id": "",
            "map_public_ip_on_launch": false,
            "outpost_arn": "",
            "owner_id": "546759955220",
            "tags": {
              "Environment": "development",
              "Name": "development-vpc-creating-vpc-subnet-private-ap-southeast-1c",
              "ProjectName": "vpc-creating",
              "SomeTag": "SomeValue",
              "Terraform": "true"
            },
            "timeouts": null,
            "vpc_id": "vpc-0d679a96ecccc1e22"
          },
          "sensitive_attributes": [],
          "private": "eyJlMmJmYjczMC1lY2FhLTExZTYtOGY4OC0zNDM2M2JjN2M0YzAiOnsiY3JlYXRlIjo2MDAwMDAwMDAwMDAsImRlbGV0ZSI6MTIwMDAwMDAwMDAwMH0sInNjaGVtYV92ZXJzaW9uIjoiMSJ9",
          "dependencies": [
            "data.aws_availability_zones.available",
            "module.vpc.aws_vpc.vpc_vars"
          ]
        }
      ]
    },
    {
      "module": "module.vpc",
      "mode": "managed",
      "type": "aws_subnet",
      "name": "public",
      "provider": "provider[\"registry.terraform.io/hashicorp/aws\"]",
      "instances": [
        {
          "index_key": 0,
          "schema_version": 1,
          "attributes": {
            "arn": "arn:aws:ec2:ap-southeast-1:546759955220:subnet/subnet-0d7fc3d67d966e45b",
            "assign_ipv6_address_on_creation": false,
            "availability_zone": "ap-southeast-1a",
            "availability_zone_id": "apse1-az1",
            "cidr_block": "10.110.101.0/24",
            "id": "subnet-0d7fc3d67d966e45b",
            "ipv6_cidr_block": "",
            "ipv6_cidr_block_association_id": "",
            "map_public_ip_on_launch": true,
            "outpost_arn": "",
            "owner_id": "546759955220",
            "tags": {
              "Environment": "development",
              "Name": "development-vpc-creating-vpc-subnet-public-ap-southeast-1a",
              "ProjectName": "vpc-creating",
              "SomeTag": "SomeValue",
              "Terraform": "true"
            },
            "timeouts": null,
            "vpc_id": "vpc-0d679a96ecccc1e22"
          },
          "sensitive_attributes": [],
          "private": "eyJlMmJmYjczMC1lY2FhLTExZTYtOGY4OC0zNDM2M2JjN2M0YzAiOnsiY3JlYXRlIjo2MDAwMDAwMDAwMDAsImRlbGV0ZSI6MTIwMDAwMDAwMDAwMH0sInNjaGVtYV92ZXJzaW9uIjoiMSJ9",
          "dependencies": [
            "data.aws_availability_zones.available",
            "module.vpc.aws_vpc.vpc_vars"
          ]
        },
        {
          "index_key": 1,
          "schema_version": 1,
          "attributes": {
            "arn": "arn:aws:ec2:ap-southeast-1:546759955220:subnet/subnet-09ae06e7f167e08f1",
            "assign_ipv6_address_on_creation": false,
            "availability_zone": "ap-southeast-1b",
            "availability_zone_id": "apse1-az2",
            "cidr_block": "10.110.102.0/24",
            "id": "subnet-09ae06e7f167e08f1",
            "ipv6_cidr_block": "",
            "ipv6_cidr_block_association_id": "",
            "map_public_ip_on_launch": true,
            "outpost_arn": "",
            "owner_id": "546759955220",
            "tags": {
              "Environment": "development",
              "Name": "development-vpc-creating-vpc-subnet-public-ap-southeast-1b",
              "ProjectName": "vpc-creating",
              "SomeTag": "SomeValue",
              "Terraform": "true"
            },
            "timeouts": null,
            "vpc_id": "vpc-0d679a96ecccc1e22"
          },
          "sensitive_attributes": [],
          "private": "eyJlMmJmYjczMC1lY2FhLTExZTYtOGY4OC0zNDM2M2JjN2M0YzAiOnsiY3JlYXRlIjo2MDAwMDAwMDAwMDAsImRlbGV0ZSI6MTIwMDAwMDAwMDAwMH0sInNjaGVtYV92ZXJzaW9uIjoiMSJ9",
          "dependencies": [
            "data.aws_availability_zones.available",
            "module.vpc.aws_vpc.vpc_vars"
          ]
        },
        {
          "index_key": 2,
          "schema_version": 1,
          "attributes": {
            "arn": "arn:aws:ec2:ap-southeast-1:546759955220:subnet/subnet-030b239bcbca5c110",
            "assign_ipv6_address_on_creation": false,
            "availability_zone": "ap-southeast-1c",
            "availability_zone_id": "apse1-az3",
            "cidr_block": "10.110.103.0/24",
            "id": "subnet-030b239bcbca5c110",
            "ipv6_cidr_block": "",
            "ipv6_cidr_block_association_id": "",
            "map_public_ip_on_launch": true,
            "outpost_arn": "",
            "owner_id": "546759955220",
            "tags": {
              "Environment": "development",
              "Name": "development-vpc-creating-vpc-subnet-public-ap-southeast-1c",
              "ProjectName": "vpc-creating",
              "SomeTag": "SomeValue",
              "Terraform": "true"
            },
            "timeouts": null,
            "vpc_id": "vpc-0d679a96ecccc1e22"
          },
          "sensitive_attributes": [],
          "private": "eyJlMmJmYjczMC1lY2FhLTExZTYtOGY4OC0zNDM2M2JjN2M0YzAiOnsiY3JlYXRlIjo2MDAwMDAwMDAwMDAsImRlbGV0ZSI6MTIwMDAwMDAwMDAwMH0sInNjaGVtYV92ZXJzaW9uIjoiMSJ9",
          "dependencies": [
            "data.aws_availability_zones.available",
            "module.vpc.aws_vpc.vpc_vars"
          ]
        }
      ]
    },
    {
      "module": "module.vpc",
      "mode": "managed",
      "type": "aws_vpc",
      "name": "vpc_vars",
      "provider": "provider[\"registry.terraform.io/hashicorp/aws\"]",
      "instances": [
        {
          "schema_version": 1,
          "attributes": {
            "arn": "arn:aws:ec2:ap-southeast-1:546759955220:vpc/vpc-0d679a96ecccc1e22",
            "assign_generated_ipv6_cidr_block": false,
            "cidr_block": "10.110.0.0/16",
            "default_network_acl_id": "acl-04671567c929c70eb",
            "default_route_table_id": "rtb-06a010f7e628556bd",
            "default_security_group_id": "sg-096f8e26aae7e6565",
            "dhcp_options_id": "dopt-981deefe",
            "enable_classiclink": false,
            "enable_classiclink_dns_support": false,
            "enable_dns_hostnames": true,
            "enable_dns_support": true,
            "id": "vpc-0d679a96ecccc1e22",
            "instance_tenancy": "default",
            "ipv6_association_id": "",
            "ipv6_cidr_block": "",
            "main_route_table_id": "rtb-06a010f7e628556bd",
            "owner_id": "546759955220",
            "tags": {
              "Environment": "development",
              "Name": "development-vpc-creating-vpc",
              "ProjectName": "vpc-creating",
              "SomeTag": "SomeValue",
              "Terraform": "true"
            }
          },
          "sensitive_attributes": [],
          "private": "eyJzY2hlbWFfdmVyc2lvbiI6IjEifQ=="
        }
      ]
    }
  ]
}
